{
  "name": "promise-demo",
  "version": "1.0.0",
  "lockfileVersion": 1,
  "requires": true,
  "dependencies": {
    "node-inspect": {
      "version": "1.11.3",
      "resolved": "https://registry.npmjs.org/node-inspect/-/node-inspect-1.11.3.tgz",
      "integrity": "sha512-HuHMBw8NYBNaaUCeJJapQ1LfJxkg4ttUMV//t0toTBc8Oy0AaR4kFaMH+Y5+ub+hDH6CVGRQaLJIGmpVkM04dg=="
    },
    "q": {
      "version": "1.5.1",
      "resolved": "https://registry.npmjs.org/q/-/q-1.5.1.tgz",
      "integrity": "sha1-fjL3W0E4EpHQRhHxvxQQmsAGUdc="
    }
  }
}
